
Microsoft Visual Studio Solution File, Format Version 12.00
# Visual Studio Version 17
VisualStudioVersion = 17.8.34525.116
MinimumVisualStudioVersion = 10.0.40219.1
Project("{FAE04EC0-301F-11D3-BF4B-00C04F79EFBC}") = "Klavyeden 2 iç açısı girilen üçgenin 3. iç açısı", "Klavyeden 2 iç açısı girilen üçgenin 3. iç açısı\Klavyeden 2 iç açısı girilen üçgenin 3. iç açısı.csproj", "{A7B0894F-C0B8-422A-874C-8C95EFA57852}"
EndProject
Global
	GlobalSection(SolutionConfigurationPlatforms) = preSolution
		Debug|Any CPU = Debug|Any CPU
		Release|Any CPU = Release|Any CPU
	EndGlobalSection
	GlobalSection(ProjectConfigurationPlatforms) = postSolution
		{A7B0894F-C0B8-422A-874C-8C95EFA57852}.Debug|Any CPU.ActiveCfg = Debug|Any CPU
		{A7B0894F-C0B8-422A-874C-8C95EFA57852}.Debug|Any CPU.Build.0 = Debug|Any CPU
		{A7B0894F-C0B8-422A-874C-8C95EFA57852}.Release|Any CPU.ActiveCfg = Release|Any CPU
		{A7B0894F-C0B8-422A-874C-8C95EFA57852}.Release|Any CPU.Build.0 = Release|Any CPU
	EndGlobalSection
	GlobalSection(SolutionProperties) = preSolution
		HideSolutionNode = FALSE
	EndGlobalSection
	GlobalSection(ExtensibilityGlobals) = postSolution
		SolutionGuid = {FF38D8B6-8472-4EA0-ABD7-E00501FA99AD}
	EndGlobalSection
EndGlobal
